// !$*UTF8*$!
{
	archiveVersion = 1;
	classes = {
	};
	objectVersion = 77;
	objects = {

/* Begin PBXBuildFile section */
		B16AB912300E809D00696576 /* ComposableArchitecture in Frameworks */ = {isa = PBXBuildFile; productRef = B16AB911300E809D00696576 /* ComposableArchitecture */; };
		B16AB915300E80EA00696576 /* BMSwiftUI in Frameworks */ = {isa = PBXBuildFile; productRef = B16AB914300E80EA00696576 /* BMSwiftUI */; };
		B16AB918300E811700696576 /* BMSwiftNetworking in Frameworks */ = {isa = PBXBuildFile; productRef = B16AB917300E811700696576 /* BMSwiftNetworking */; };
		B187498A301E974300934957 /* FirebaseAI in Frameworks */ = {isa = PBXBuildFile; productRef = B1874989301E974300934957 /* FirebaseAI */; };
		B187498C301E974300934957 /* FirebaseAILogic in Frameworks */ = {isa = PBXBuildFile; productRef = B187498B301E974300934957 /* FirebaseAILogic */; };
		B187498E301E974300934957 /* FirebaseAnalytics in Frameworks */ = {isa = PBXBuildFile; productRef = B187498D301E974300934957 /* FirebaseAnalytics */; };
		B1874990301E974300934957 /* FirebaseAnalyticsCore in Frameworks */ = {isa = PBXBuildFile; productRef = B187498F301E974300934957 /* FirebaseAnalyticsCore */; };
		B1874992301E974300934957 /* FirebaseAnalyticsIdentitySupport in Frameworks */ = {isa = PBXBuildFile; productRef = B1874991301E974300934957 /* FirebaseAnalyticsIdentitySupport */; };
		B1874994301E974300934957 /* FirebaseAppCheck in Frameworks */ = {isa = PBXBuildFile; productRef = B1874993301E974300934957 /* FirebaseAppCheck */; };
		B1874996301E974300934957 /* FirebaseAppDistribution-Beta in Frameworks */ = {isa = PBXBuildFile; productRef = B1874995301E974300934957 /* FirebaseAppDistribution-Beta */; };
		B1874998301E974300934957 /* FirebaseAuth in Frameworks */ = {isa = PBXBuildFile; productRef = B1874997301E974300934957 /* FirebaseAuth */; };
		B187499A301E974300934957 /* FirebaseAuthCombine-Community in Frameworks */ = {isa = PBXBuildFile; productRef = B1874999301E974300934957 /* FirebaseAuthCombine-Community */; };
		B187499C301E974300934957 /* FirebaseCore in Frameworks */ = {isa = PBXBuildFile; productRef = B187499B301E974300934957 /* FirebaseCore */; };
		B187499E301E974300934957 /* FirebaseCrashlytics in Frameworks */ = {isa = PBXBuildFile; productRef = B187499D301E974300934957 /* FirebaseCrashlytics */; };
		B18749A0301E974300934957 /* FirebaseDatabase in Frameworks */ = {isa = PBXBuildFile; productRef = B187499F301E974300934957 /* FirebaseDatabase */; };
		B18749A2301E974300934957 /* FirebaseFirestore in Frameworks */ = {isa = PBXBuildFile; productRef = B18749A1301E974300934957 /* FirebaseFirestore */; };
		B18749A4301E974300934957 /* FirebaseFirestoreCombine-Community in Frameworks */ = {isa = PBXBuildFile; productRef = B18749A3301E974300934957 /* FirebaseFirestoreCombine-Community */; };
		B18749A6301E974300934957 /* FirebaseFunctions in Frameworks */ = {isa = PBXBuildFile; productRef = B18749A5301E974300934957 /* FirebaseFunctions */; };
		B18749A8301E974300934957 /* FirebaseFunctionsCombine-Community in Frameworks */ = {isa = PBXBuildFile; productRef = B18749A7301E974300934957 /* FirebaseFunctionsCombine-Community */; };
		B18749AA301E974300934957 /* FirebaseInAppMessaging-Beta in Frameworks */ = {isa = PBXBuildFile; productRef = B18749A9301E974300934957 /* FirebaseInAppMessaging-Beta */; };
		B18749AC301E974300934957 /* FirebaseInstallations in Frameworks */ = {isa = PBXBuildFile; productRef = B18749AB301E974300934957 /* FirebaseInstallations */; };
		B18749AE301E974300934957 /* FirebaseMLModelDownloader in Frameworks */ = {isa = PBXBuildFile; productRef = B18749AD301E974300934957 /* FirebaseMLModelDownloader */; };
		B18749B0301E974300934957 /* FirebaseMessaging in Frameworks */ = {isa = PBXBuildFile; productRef = B18749AF301E974300934957 /* FirebaseMessaging */; };
		B18749B2301E974300934957 /* FirebasePerformance in Frameworks */ = {isa = PBXBuildFile; productRef = B18749B1301E974300934957 /* FirebasePerformance */; };
		B18749B4301E974300934957 /* FirebaseRemoteConfig in Frameworks */ = {isa = PBXBuildFile; productRef = B18749B3301E974300934957 /* FirebaseRemoteConfig */; };
		B18749B6301E974300934957 /* FirebaseStorage in Frameworks */ = {isa = PBXBuildFile; productRef = B18749B5301E974300934957 /* FirebaseStorage */; };
		B18749B8301E974300934957 /* FirebaseStorageCombine-Community in Frameworks */ = {isa = PBXBuildFile; productRef = B18749B7301E974300934957 /* FirebaseStorageCombine-Community */; };
		B1AD5BFF301D943F005E53D0 /* Alamofire in Frameworks */ = {isa = PBXBuildFile; productRef = B1AD5BFE301D943F005E53D0 /* Alamofire */; };
/* End PBXBuildFile section */

/* Begin PBXContainerItemProxy section */
		B18749C1301EDB6C00934957 /* PBXContainerItemProxy */ = {
			isa = PBXContainerItemProxy;
			containerPortal = B1FDE2CB30079A8200750ACC /* Project object */;
			proxyType = 1;
			remoteGlobalIDString = B1FDE2D230079A8200750ACC;
			remoteInfo = iOS_GrandHotel;
		};
		B18749D0301EDB9D00934957 /* PBXContainerItemProxy */ = {
			isa = PBXContainerItemProxy;
			containerPortal = B1FDE2CB30079A8200750ACC /* Project object */;
			proxyType = 1;
			remoteGlobalIDString = B1FDE2D230079A8200750ACC;
			remoteInfo = iOS_GrandHotel;
		};
/* End PBXContainerItemProxy section */

/* Begin PBXFileReference section */
		B105175F3019A996006B43DB /* CoreDataIntroWalkthrough.xcodeproj */ = {isa = PBXFileReference; lastKnownFileType = "wrapper.pb-project"; path = CoreDataIntroWalkthrough.xcodeproj; sourceTree = "<group>"; };
		B18749BD301EDB6C00934957 /* iOS_GrandHotelTests.xctest */ = {isa = PBXFileReference; explicitFileType = wrapper.cfbundle; includeInIndex = 0; path = iOS_GrandHotelTests.xctest; sourceTree = BUILT_PRODUCTS_DIR; };
		B18749CA301EDB9D00934957 /* iOS_GrandHotelUITests.xctest */ = {isa = PBXFileReference; explicitFileType = wrapper.cfbundle; includeInIndex = 0; path = iOS_GrandHotelUITests.xctest; sourceTree = BUILT_PRODUCTS_DIR; };
		B1FDE2D330079A8200750ACC /* iOS_GrandHotel.app */ = {isa = PBXFileReference; explicitFileType = wrapper.application; includeInIndex = 0; path = iOS_GrandHotel.app; sourceTree = BUILT_PRODUCTS_DIR; };
/* End PBXFileReference section */

/* Begin PBXFileSystemSynchronizedRootGroup section */
		B18749BE301EDB6C00934957 /* iOS_GrandHotelTests */ = {
			isa = PBXFileSystemSynchronizedRootGroup;
			path = iOS_GrandHotelTests;
			sourceTree = "<group>";
		};
		B18749CB301EDB9D00934957 /* iOS_GrandHotelUITests */ = {
			isa = PBXFileSystemSynchronizedRootGroup;
			path = iOS_GrandHotelUITests;
			sourceTree = "<group>";
		};
		B1FDE2D530079A8200750ACC /* iOS_GrandHotel */ = {
			isa = PBXFileSystemSynchronizedRootGroup;
			path = iOS_GrandHotel;
			sourceTree = "<group>";
		};
/* End PBXFileSystemSynchronizedRootGroup section */

/* Begin PBXFrameworksBuildPhase section */
		B18749BA301EDB6C00934957 /* Frameworks */ = {
			isa = PBXFrameworksBuildPhase;
			buildActionMask = 2147483647;
			files = (
			);
			runOnlyForDeploymentPostprocessing = 0;
		};
		B18749C7301EDB9D00934957 /* Frameworks */ = {
			isa = PBXFrameworksBuildPhase;
			buildActionMask = 2147483647;
			files = (
			);
			runOnlyForDeploymentPostprocessing = 0;
		};
		B1FDE2D030079A8200750ACC /* Frameworks */ = {
			isa = PBXFrameworksBuildPhase;
			buildActionMask = 2147483647;
			files = (
				B18749B0301E974300934957 /* FirebaseMessaging in Frameworks */,
				B187498E301E974300934957 /* FirebaseAnalytics in Frameworks */,
				B187498C301E974300934957 /* FirebaseAILogic in Frameworks */,
				B1874992301E974300934957 /* FirebaseAnalyticsIdentitySupport in Frameworks */,
				B18749A8301E974300934957 /* FirebaseFunctionsCombine-Community in Frameworks */,
				B18749A4301E974300934957 /* FirebaseFirestoreCombine-Community in Frameworks */,
				B187498A301E974300934957 /* FirebaseAI in Frameworks */,
				B18749A2301E974300934957 /* FirebaseFirestore in Frameworks */,
				B187499C301E974300934957 /* FirebaseCore in Frameworks */,
				B18749AA301E974300934957 /* FirebaseInAppMessaging-Beta in Frameworks */,
				B18749AE301E974300934957 /* FirebaseMLModelDownloader in Frameworks */,
				B187499A301E974300934957 /* FirebaseAuthCombine-Community in Frameworks */,
				B18749A0301E974300934957 /* FirebaseDatabase in Frameworks */,
				B18749AC301E974300934957 /* FirebaseInstallations in Frameworks */,
				B16AB912300E809D00696576 /* ComposableArchitecture in Frameworks */,
				B18749A6301E974300934957 /* FirebaseFunctions in Frameworks */,
				B1AD5BFF301D943F005E53D0 /* Alamofire in Frameworks */,
				B18749B2301E974300934957 /* FirebasePerformance in Frameworks */,
				B16AB918300E811700696576 /* BMSwiftNetworking in Frameworks */,
				B1874998301E974300934957 /* FirebaseAuth in Frameworks */,
				B18749B6301E974300934957 /* FirebaseStorage in Frameworks */,
				B16AB915300E80EA00696576 /* BMSwiftUI in Frameworks */,
				B18749B8301E974300934957 /* FirebaseStorageCombine-Community in Frameworks */,
				B1874994301E974300934957 /* FirebaseAppCheck in Frameworks */,
				B187499E301E974300934957 /* FirebaseCrashlytics in Frameworks */,
				B18749B4301E974300934957 /* FirebaseRemoteConfig in Frameworks */,
				B1874996301E974300934957 /* FirebaseAppDistribution-Beta in Frameworks */,
				B1874990301E974300934957 /* FirebaseAnalyticsCore in Frameworks */,
			);
			runOnlyForDeploymentPostprocessing = 0;
		};
/* End PBXFrameworksBuildPhase section */

/* Begin PBXGroup section */
		B10517603019A996006B43DB /* Products */ = {
			isa = PBXGroup;
			children = (
			);
			name = Products;
			sourceTree = "<group>";
		};
		B1FDE2CA30079A8200750ACC = {
			isa = PBXGroup;
			children = (
				B1FDE2D530079A8200750ACC /* iOS_GrandHotel */,
				B18749BE301EDB6C00934957 /* iOS_GrandHotelTests */,
				B18749CB301EDB9D00934957 /* iOS_GrandHotelUITests */,
				B1FDE2D430079A8200750ACC /* Products */,
			);
			sourceTree = "<group>";
		};
		B1FDE2D430079A8200750ACC /* Products */ = {
			isa = PBXGroup;
			children = (
				B1FDE2D330079A8200750ACC /* iOS_GrandHotel.app */,
				B18749BD301EDB6C00934957 /* iOS_GrandHotelTests.xctest */,
				B18749CA301EDB9D00934957 /* iOS_GrandHotelUITests.xctest */,
			);
			name = Products;
			sourceTree = "<group>";
		};
/* End PBXGroup section */

/* Begin PBXNativeTarget section */
		B18749BC301EDB6C00934957 /* iOS_GrandHotelTests */ = {
			isa = PBXNativeTarget;
			buildConfigurationList = B18749C3301EDB6C00934957 /* Build configuration list for PBXNativeTarget "iOS_GrandHotelTests" */;
			buildPhases = (
				B18749B9301EDB6C00934957 /* Sources */,
				B18749BA301EDB6C00934957 /* Frameworks */,
				B18749BB301EDB6C00934957 /* Resources */,
			);
			buildRules = (
			);
			dependencies = (
				B18749C2301EDB6C00934957 /* PBXTargetDependency */,
			);
			fileSystemSynchronizedGroups = (
				B18749BE301EDB6C00934957 /* iOS_GrandHotelTests */,
			);
			name = iOS_GrandHotelTests;
			packageProductDependencies = (
			);
			productName = iOS_GrandHotelTests;
			productReference = B18749BD301EDB6C00934957 /* iOS_GrandHotelTests.xctest */;
			productType = "com.apple.product-type.bundle.unit-test";
		};
		B18749C9301EDB9D00934957 /* iOS_GrandHotelUITests */ = {
			isa = PBXNativeTarget;
			buildConfigurationList = B18749D2301EDB9D00934957 /* Build configuration list for PBXNativeTarget "iOS_GrandHotelUITests" */;
			buildPhases = (
				B18749C6301EDB9D00934957 /* Sources */,
				B18749C7301EDB9D00934957 /* Frameworks */,
				B18749C8301EDB9D00934957 /* Resources */,
			);
			buildRules = (
			);
			dependencies = (
				B18749D1301EDB9D00934957 /* PBXTargetDependency */,
			);
			fileSystemSynchronizedGroups = (
				B18749CB301EDB9D00934957 /* iOS_GrandHotelUITests */,
			);
			name = iOS_GrandHotelUITests;
			packageProductDependencies = (
			);
			productName = iOS_GrandHotelUITests;
			productReference = B18749CA301EDB9D00934957 /* iOS_GrandHotelUITests.xctest */;
			productType = "com.apple.product-type.bundle.ui-testing";
		};
		B1FDE2D230079A8200750ACC /* iOS_GrandHotel */ = {
			isa = PBXNativeTarget;
			buildConfigurationList = B1FDE2DE30079A8400750ACC /* Build configuration list for PBXNativeTarget "iOS_GrandHotel" */;
			buildPhases = (
				B1FDE2CF30079A8200750ACC /* Sources */,
				B1FDE2D030079A8200750ACC /* Frameworks */,
				B1FDE2D130079A8200750ACC /* Resources */,
			);
			buildRules = (
			);
			dependencies = (
			);
			fileSystemSynchronizedGroups = (
				B1FDE2D530079A8200750ACC /* iOS_GrandHotel */,
			);
			name = iOS_GrandHotel;
			packageProductDependencies = (
				B16AB911300E809D00696576 /* ComposableArchitecture */,
				B16AB914300E80EA00696576 /* BMSwiftUI */,
				B16AB917300E811700696576 /* BMSwiftNetworking */,
				B1AD5BFE301D943F005E53D0 /* Alamofire */,
				B1AD5C00301D943F005E53D0 /* AlamofireDynamic */,
				B1874989301E974300934957 /* FirebaseAI */,
				B187498B301E974300934957 /* FirebaseAILogic */,
				B187498D301E974300934957 /* FirebaseAnalytics */,
				B187498F301E974300934957 /* FirebaseAnalyticsCore */,
				B1874991301E974300934957 /* FirebaseAnalyticsIdentitySupport */,
				B1874993301E974300934957 /* FirebaseAppCheck */,
				B1874995301E974300934957 /* FirebaseAppDistribution-Beta */,
				B1874997301E974300934957 /* FirebaseAuth */,
				B1874999301E974300934957 /* FirebaseAuthCombine-Community */,
				B187499B301E974300934957 /* FirebaseCore */,
				B187499D301E974300934957 /* FirebaseCrashlytics */,
				B187499F301E974300934957 /* FirebaseDatabase */,
				B18749A1301E974300934957 /* FirebaseFirestore */,
				B18749A3301E974300934957 /* FirebaseFirestoreCombine-Community */,
				B18749A5301E974300934957 /* FirebaseFunctions */,
				B18749A7301E974300934957 /* FirebaseFunctionsCombine-Community */,
				B18749A9301E974300934957 /* FirebaseInAppMessaging-Beta */,
				B18749AB301E974300934957 /* FirebaseInstallations */,
				B18749AD301E974300934957 /* FirebaseMLModelDownloader */,
				B18749AF301E974300934957 /* FirebaseMessaging */,
				B18749B1301E974300934957 /* FirebasePerformance */,
				B18749B3301E974300934957 /* FirebaseRemoteConfig */,
				B18749B5301E974300934957 /* FirebaseStorage */,
				B18749B7301E974300934957 /* FirebaseStorageCombine-Community */,
			);
			productName = iOS_GrandHotel;
			productReference = B1FDE2D330079A8200750ACC /* iOS_GrandHotel.app */;
			productType = "com.apple.product-type.application";
		};
/* End PBXNativeTarget section */

/* Begin PBXProject section */
		B1FDE2CB30079A8200750ACC /* Project object */ = {
			isa = PBXProject;
			attributes = {
				BuildIndependentTargetsInParallel = 1;
				LastSwiftUpdateCheck = 1630;
				LastUpgradeCheck = 1630;
				TargetAttributes = {
					B18749BC301EDB6C00934957 = {
						CreatedOnToolsVersion = 16.3;
						LastSwiftMigration = 1630;
						TestTargetID = B1FDE2D230079A8200750ACC;
					};
					B18749C9301EDB9D00934957 = {
						CreatedOnToolsVersion = 16.3;
						TestTargetID = B1FDE2D230079A8200750ACC;
					};
					B1FDE2D230079A8200750ACC = {
						CreatedOnToolsVersion = 16.3;
					};
				};
			};
			buildConfigurationList = B1FDE2CE30079A8200750ACC /* Build configuration list for PBXProject "iOS_GrandHotel" */;
			developmentRegion = en;
			hasScannedForEncodings = 0;
			knownRegions = (
				en,
				Base,
				ar,
			);
			mainGroup = B1FDE2CA30079A8200750ACC;
			minimizedProjectReferenceProxies = 1;
			packageReferences = (
				B16AB910300E809D00696576 /* XCRemoteSwiftPackageReference "swift-composable-architecture" */,
				B16AB913300E80EA00696576 /* XCRemoteSwiftPackageReference "BMSwiftUI" */,
				B16AB916300E811700696576 /* XCRemoteSwiftPackageReference "BMSwiftNetworking" */,
				B1AD5BFD301D943F005E53D0 /* XCRemoteSwiftPackageReference "alamofire" */,
				B1874988301E974300934957 /* XCRemoteSwiftPackageReference "firebase-ios-sdk" */,
			);
			preferredProjectObjectVersion = 77;
			productRefGroup = B1FDE2D430079A8200750ACC /* Products */;
			projectDirPath = "";
			projectReferences = (
				{
					ProductGroup = B10517603019A996006B43DB /* Products */;
					ProjectRef = B105175F3019A996006B43DB /* CoreDataIntroWalkthrough.xcodeproj */;
				},
			);
			projectRoot = "";
			targets = (
				B1FDE2D230079A8200750ACC /* iOS_GrandHotel */,
				B18749BC301EDB6C00934957 /* iOS_GrandHotelTests */,
				B18749C9301EDB9D00934957 /* iOS_GrandHotelUITests */,
			);
		};
/* End PBXProject section */

/* Begin PBXResourcesBuildPhase section */
		B18749BB301EDB6C00934957 /* Resources */ = {
			isa = PBXResourcesBuildPhase;
			buildActionMask = 2147483647;
			files = (
			);
			runOnlyForDeploymentPostprocessing = 0;
		};
		B18749C8301EDB9D00934957 /* Resources */ = {
			isa = PBXResourcesBuildPhase;
			buildActionMask = 2147483647;
			files = (
			);
			runOnlyForDeploymentPostprocessing = 0;
		};
		B1FDE2D130079A8200750ACC /* Resources */ = {
			isa = PBXResourcesBuildPhase;
			buildActionMask = 2147483647;
			files = (
			);
			runOnlyForDeploymentPostprocessing = 0;
		};
/* End PBXResourcesBuildPhase section */

/* Begin PBXSourcesBuildPhase section */
		B18749B9301EDB6C00934957 /* Sources */ = {
			isa = PBXSourcesBuildPhase;
			buildActionMask = 2147483647;
			files = (
			);
			runOnlyForDeploymentPostprocessing = 0;
		};
		B18749C6301EDB9D00934957 /* Sources */ = {
			isa = PBXSourcesBuildPhase;
			buildActionMask = 2147483647;
			files = (
			);
			runOnlyForDeploymentPostprocessing = 0;
		};
		B1FDE2CF30079A8200750ACC /* Sources */ = {
			isa = PBXSourcesBuildPhase;
			buildActionMask = 2147483647;
			files = (
			);
			runOnlyForDeploymentPostprocessing = 0;
		};
/* End PBXSourcesBuildPhase section */

/* Begin PBXTargetDependency section */
		B18749C2301EDB6C00934957 /* PBXTargetDependency */ = {
			isa = PBXTargetDependency;
			target = B1FDE2D230079A8200750ACC /* iOS_GrandHotel */;
			targetProxy = B18749C1301EDB6C00934957 /* PBXContainerItemProxy */;
		};
		B18749D1301EDB9D00934957 /* PBXTargetDependency */ = {
			isa = PBXTargetDependency;
			target = B1FDE2D230079A8200750ACC /* iOS_GrandHotel */;
			targetProxy = B18749D0301EDB9D00934957 /* PBXContainerItemProxy */;
		};
/* End PBXTargetDependency section */

/* Begin XCBuildConfiguration section */
		B18749C4301EDB6C00934957 /* Debug */ = {
			isa = XCBuildConfiguration;
			buildSettings = {
				BUNDLE_LOADER = "$(TEST_HOST)";
				CLANG_ENABLE_MODULES = YES;
				CODE_SIGN_STYLE = Automatic;
				CURRENT_PROJECT_VERSION = 1;
				DEVELOPMENT_TEAM = B96PQPSU3K;
				GENERATE_INFOPLIST_FILE = YES;
				MARKETING_VERSION = 1.0;
				PRODUCT_BUNDLE_IDENTIFIER = "com.moghoneem.iOS-GrandHotelTests";
				PRODUCT_NAME = "$(TARGET_NAME)";
				SWIFT_EMIT_LOC_STRINGS = NO;
				SWIFT_OPTIMIZATION_LEVEL = "-Onone";
				SWIFT_VERSION = 5.0;
				TARGETED_DEVICE_FAMILY = "1,2";
				TEST_HOST = "$(BUILT_PRODUCTS_DIR)/iOS_GrandHotel.app/$(BUNDLE_EXECUTABLE_FOLDER_PATH)/iOS_GrandHotel";
			};
			name = Debug;
		};
		B18749C5301EDB6C00934957 /* Release */ = {
			isa = XCBuildConfiguration;
			buildSettings = {
				BUNDLE_LOADER = "$(TEST_HOST)";
				CLANG_ENABLE_MODULES = YES;
				CODE_SIGN_STYLE = Automatic;
				CURRENT_PROJECT_VERSION = 1;
				DEVELOPMENT_TEAM = B96PQPSU3K;
				GENERATE_INFOPLIST_FILE = YES;
				MARKETING_VERSION = 1.0;
				PRODUCT_BUNDLE_IDENTIFIER = "com.moghoneem.iOS-GrandHotelTests";
				PRODUCT_NAME = "$(TARGET_NAME)";
				SWIFT_EMIT_LOC_STRINGS = NO;
				SWIFT_VERSION = 5.0;
				TARGETED_DEVICE_FAMILY = "1,2";
				TEST_HOST = "$(BUILT_PRODUCTS_DIR)/iOS_GrandHotel.app/$(BUNDLE_EXECUTABLE_FOLDER_PATH)/iOS_GrandHotel";
			};
			name = Release;
		};
		B18749D3301EDB9D00934957 /* Debug */ = {
			isa = XCBuildConfiguration;
			buildSettings = {
				CODE_SIGN_STYLE = Automatic;
				CURRENT_PROJECT_VERSION = 1;
				DEVELOPMENT_TEAM = B96PQPSU3K;
				GENERATE_INFOPLIST_FILE = YES;
				MARKETING_VERSION = 1.0;
				PRODUCT_BUNDLE_IDENTIFIER = "com.moghoneem.iOS-GrandHotelUITests";
				PRODUCT_NAME = "$(TARGET_NAME)";
				SWIFT_EMIT_LOC_STRINGS = NO;
				SWIFT_VERSION = 5.0;
				TARGETED_DEVICE_FAMILY = "1,2";
				TEST_TARGET_NAME = iOS_GrandHotel;
			};
			name = Debug;
		};
		B18749D4301EDB9D00934957 /* Release */ = {
			isa = XCBuildConfiguration;
			buildSettings = {
				CODE_SIGN_STYLE = Automatic;
				CURRENT_PROJECT_VERSION = 1;
				DEVELOPMENT_TEAM = B96PQPSU3K;
				GENERATE_INFOPLIST_FILE = YES;
				MARKETING_VERSION = 1.0;
				PRODUCT_BUNDLE_IDENTIFIER = "com.moghoneem.iOS-GrandHotelUITests";
				PRODUCT_NAME = "$(TARGET_NAME)";
				SWIFT_EMIT_LOC_STRINGS = NO;
				SWIFT_VERSION = 5.0;
				TARGETED_DEVICE_FAMILY = "1,2";
				TEST_TARGET_NAME = iOS_GrandHotel;
			};
			name = Release;
		};
		B1FDE2DC30079A8400750ACC /* Debug */ = {
			isa = XCBuildConfiguration;
			buildSettings = {
				ALWAYS_SEARCH_USER_PATHS = NO;
				ASSETCATALOG_COMPILER_GENERATE_SWIFT_ASSET_SYMBOL_EXTENSIONS = YES;
				CLANG_ANALYZER_LOCALIZABILITY_NONLOCALIZED = YES;
				CLANG_ANALYZER_NONNULL = YES;
				CLANG_ANALYZER_NUMBER_OBJECT_CONVERSION = YES_AGGRESSIVE;
				CLANG_CXX_LANGUAGE_STANDARD = "gnu++20";
				CLANG_ENABLE_MODULES = YES;
				CLANG_ENABLE_OBJC_ARC = YES;
				CLANG_ENABLE_OBJC_WEAK = YES;
				CLANG_WARN_BLOCK_CAPTURE_AUTORELEASING = YES;
				CLANG_WARN_BOOL_CONVERSION = YES;
				CLANG_WARN_COMMA = YES;
				CLANG_WARN_CONSTANT_CONVERSION = YES;
				CLANG_WARN_DEPRECATED_OBJC_IMPLEMENTATIONS = YES;
				CLANG_WARN_DIRECT_OBJC_ISA_USAGE = YES_ERROR;
				CLANG_WARN_DOCUMENTATION_COMMENTS = YES;
				CLANG_WARN_EMPTY_BODY = YES;
				CLANG_WARN_ENUM_CONVERSION = YES;
				CLANG_WARN_INFINITE_RECURSION = YES;
				CLANG_WARN_INT_CONVERSION = YES;
				CLANG_WARN_NON_LITERAL_NULL_CONVERSION = YES;
				CLANG_WARN_OBJC_IMPLICIT_RETAIN_SELF = YES;
				CLANG_WARN_OBJC_LITERAL_CONVERSION = YES;
				CLANG_WARN_OBJC_ROOT_CLASS = YES_ERROR;
				CLANG_WARN_QUOTED_INCLUDE_IN_FRAMEWORK_HEADER = YES;
				CLANG_WARN_RANGE_LOOP_ANALYSIS = YES;
				CLANG_WARN_STRICT_PROTOTYPES = YES;
				CLANG_WARN_SUSPICIOUS_MOVE = YES;
				CLANG_WARN_UNGUARDED_AVAILABILITY = YES_AGGRESSIVE;
				CLANG_WARN_UNREACHABLE_CODE = YES;
				CLANG_WARN__DUPLICATE_METHOD_MATCH = YES;
				COPY_PHASE_STRIP = NO;
				DEBUG_INFORMATION_FORMAT = dwarf;
				DEVELOPMENT_TEAM = B96PQPSU3K;
				ENABLE_STRICT_OBJC_MSGSEND = YES;
				ENABLE_TESTABILITY = YES;
				ENABLE_USER_SCRIPT_SANDBOXING = YES;
				GCC_C_LANGUAGE_STANDARD = gnu17;
				GCC_DYNAMIC_NO_PIC = NO;
				GCC_NO_COMMON_BLOCKS = YES;
				GCC_OPTIMIZATION_LEVEL = 0;
				GCC_PREPROCESSOR_DEFINITIONS = (
					"DEBUG=1",
					"$(inherited)",
				);
				GCC_WARN_64_TO_32_BIT_CONVERSION = YES;
				GCC_WARN_ABOUT_RETURN_TYPE = YES_ERROR;
				GCC_WARN_UNDECLARED_SELECTOR = YES;
				GCC_WARN_UNINITIALIZED_AUTOS = YES_AGGRESSIVE;
				GCC_WARN_UNUSED_FUNCTION = YES;
				GCC_WARN_UNUSED_VARIABLE = YES;
				IPHONEOS_DEPLOYMENT_TARGET = 18.4;
				LOCALIZATION_PREFERS_STRING_CATALOGS = YES;
				MTL_ENABLE_DEBUG_INFO = INCLUDE_SOURCE;
				MTL_FAST_MATH = YES;
				ONLY_ACTIVE_ARCH = YES;
				SDKROOT = iphoneos;
				SWIFT_ACTIVE_COMPILATION_CONDITIONS = "DEBUG $(inherited)";
				SWIFT_EMIT_LOC_STRINGS = YES;
				SWIFT_OPTIMIZATION_LEVEL = "-Onone";
			};
			name = Debug;
		};
		B1FDE2DD30079A8400750ACC /* Release */ = {
			isa = XCBuildConfiguration;
			buildSettings = {
				ALWAYS_SEARCH_USER_PATHS = NO;
				ASSETCATALOG_COMPILER_GENERATE_SWIFT_ASSET_SYMBOL_EXTENSIONS = YES;
				CLANG_ANALYZER_LOCALIZABILITY_NONLOCALIZED = YES;
				CLANG_ANALYZER_NONNULL = YES;
				CLANG_ANALYZER_NUMBER_OBJECT_CONVERSION = YES_AGGRESSIVE;
				CLANG_CXX_LANGUAGE_STANDARD = "gnu++20";
				CLANG_ENABLE_MODULES = YES;
				CLANG_ENABLE_OBJC_ARC = YES;
				CLANG_ENABLE_OBJC_WEAK = YES;
				CLANG_WARN_BLOCK_CAPTURE_AUTORELEASING = YES;
				CLANG_WARN_BOOL_CONVERSION = YES;
				CLANG_WARN_COMMA = YES;
				CLANG_WARN_CONSTANT_CONVERSION = YES;
				CLANG_WARN_DEPRECATED_OBJC_IMPLEMENTATIONS = YES;
				CLANG_WARN_DIRECT_OBJC_ISA_USAGE = YES_ERROR;
				CLANG_WARN_DOCUMENTATION_COMMENTS = YES;
				CLANG_WARN_EMPTY_BODY = YES;
				CLANG_WARN_ENUM_CONVERSION = YES;
				CLANG_WARN_INFINITE_RECURSION = YES;
				CLANG_WARN_INT_CONVERSION = YES;
				CLANG_WARN_NON_LITERAL_NULL_CONVERSION = YES;
				CLANG_WARN_OBJC_IMPLICIT_RETAIN_SELF = YES;
				CLANG_WARN_OBJC_LITERAL_CONVERSION = YES;
				CLANG_WARN_OBJC_ROOT_CLASS = YES_ERROR;
				CLANG_WARN_QUOTED_INCLUDE_IN_FRAMEWORK_HEADER = YES;
				CLANG_WARN_RANGE_LOOP_ANALYSIS = YES;
				CLANG_WARN_STRICT_PROTOTYPES = YES;
				CLANG_WARN_SUSPICIOUS_MOVE = YES;
				CLANG_WARN_UNGUARDED_AVAILABILITY = YES_AGGRESSIVE;
				CLANG_WARN_UNREACHABLE_CODE = YES;
				CLANG_WARN__DUPLICATE_METHOD_MATCH = YES;
				COPY_PHASE_STRIP = NO;
				DEBUG_INFORMATION_FORMAT = "dwarf-with-dsym";
				DEVELOPMENT_TEAM = B96PQPSU3K;
				ENABLE_NS_ASSERTIONS = NO;
				ENABLE_STRICT_OBJC_MSGSEND = YES;
				ENABLE_USER_SCRIPT_SANDBOXING = YES;
				GCC_C_LANGUAGE_STANDARD = gnu17;
				GCC_NO_COMMON_BLOCKS = YES;
				GCC_WARN_64_TO_32_BIT_CONVERSION = YES;
				GCC_WARN_ABOUT_RETURN_TYPE = YES_ERROR;
				GCC_WARN_UNDECLARED_SELECTOR = YES;
				GCC_WARN_UNINITIALIZED_AUTOS = YES_AGGRESSIVE;
				GCC_WARN_UNUSED_FUNCTION = YES;
				GCC_WARN_UNUSED_VARIABLE = YES;
				IPHONEOS_DEPLOYMENT_TARGET = 18.4;
				LOCALIZATION_PREFERS_STRING_CATALOGS = YES;
				MTL_ENABLE_DEBUG_INFO = NO;
				MTL_FAST_MATH = YES;
				SDKROOT = iphoneos;
				SWIFT_COMPILATION_MODE = wholemodule;
				SWIFT_EMIT_LOC_STRINGS = YES;
				VALIDATE_PRODUCT = YES;
			};
			name = Release;
		};
		B1FDE2DF30079A8400750ACC /* Debug */ = {
			isa = XCBuildConfiguration;
			buildSettings = {
				ASSETCATALOG_COMPILER_APPICON_NAME = AppIcon;
				ASSETCATALOG_COMPILER_GLOBAL_ACCENT_COLOR_NAME = AccentColor;
				ASSETCATALOG_COMPILER_INCLUDE_ALL_APPICON_ASSETS = YES;
				CODE_SIGN_STYLE = Automatic;
				CURRENT_PROJECT_VERSION = 1;
				DEVELOPMENT_TEAM = B96PQPSU3K;
				ENABLE_PREVIEWS = YES;
				GENERATE_INFOPLIST_FILE = NO;
				INFOPLIST_FILE = "iOS_GrandHotel/App/iOS-GrandHotel-Info.plist";
				INFOPLIST_KEY_LSApplicationCategoryType = "";
				INFOPLIST_KEY_UIApplicationSceneManifest_Generation = YES;
				INFOPLIST_KEY_UIApplicationSupportsIndirectInputEvents = YES;
				INFOPLIST_KEY_UILaunchScreen_Generation = YES;
				INFOPLIST_KEY_UILaunchStoryboardName = LaunchScreen;
				INFOPLIST_KEY_UISupportedInterfaceOrientations_iPad = "UIInterfaceOrientationPortrait UIInterfaceOrientationPortraitUpsideDown UIInterfaceOrientationLandscapeLeft UIInterfaceOrientationLandscapeRight";
				INFOPLIST_KEY_UISupportedInterfaceOrientations_iPhone = "UIInterfaceOrientationPortrait UIInterfaceOrientationLandscapeLeft UIInterfaceOrientationLandscapeRight";
				IPHONEOS_DEPLOYMENT_TARGET = 17.6;
				LD_RUNPATH_SEARCH_PATHS = (
					"$(inherited)",
					"@executable_path/Frameworks",
				);
				MARKETING_VERSION = 1.0;
				PRODUCT_BUNDLE_IDENTIFIER = "com.moghoneem.iOS-GrandHotel";
				PRODUCT_NAME = "$(TARGET_NAME)";
				SWIFT_EMIT_LOC_STRINGS = YES;
				SWIFT_VERSION = 5.0;
				TARGETED_DEVICE_FAMILY = "1,2";
			};
			name = Debug;
		};
		B1FDE2E030079A8400750ACC /* Release */ = {
			isa = XCBuildConfiguration;
			buildSettings = {
				ASSETCATALOG_COMPILER_APPICON_NAME = AppIcon;
				ASSETCATALOG_COMPILER_GLOBAL_ACCENT_COLOR_NAME = AccentColor;
				ASSETCATALOG_COMPILER_INCLUDE_ALL_APPICON_ASSETS = YES;
				CODE_SIGN_STYLE = Automatic;
				CURRENT_PROJECT_VERSION = 1;
				DEVELOPMENT_TEAM = B96PQPSU3K;
				ENABLE_PREVIEWS = YES;
				GENERATE_INFOPLIST_FILE = NO;
				INFOPLIST_FILE = "iOS_GrandHotel/App/iOS-GrandHotel-Info.plist";
				INFOPLIST_KEY_LSApplicationCategoryType = "";
				INFOPLIST_KEY_UIApplicationSceneManifest_Generation = YES;
				INFOPLIST_KEY_UIApplicationSupportsIndirectInputEvents = YES;
				INFOPLIST_KEY_UILaunchScreen_Generation = YES;
				INFOPLIST_KEY_UILaunchStoryboardName = LaunchScreen;
				INFOPLIST_KEY_UISupportedInterfaceOrientations_iPad = "UIInterfaceOrientationPortrait UIInterfaceOrientationPortraitUpsideDown UIInterfaceOrientationLandscapeLeft UIInterfaceOrientationLandscapeRight";
				INFOPLIST_KEY_UISupportedInterfaceOrientations_iPhone = "UIInterfaceOrientationPortrait UIInterfaceOrientationLandscapeLeft UIInterfaceOrientationLandscapeRight";
				IPHONEOS_DEPLOYMENT_TARGET = 17.6;
				LD_RUNPATH_SEARCH_PATHS = (
					"$(inherited)",
					"@executable_path/Frameworks",
				);
				MARKETING_VERSION = 1.0;
				PRODUCT_BUNDLE_IDENTIFIER = "com.moghoneem.iOS-GrandHotel";
				PRODUCT_NAME = "$(TARGET_NAME)";
				SWIFT_EMIT_LOC_STRINGS = YES;
				SWIFT_VERSION = 5.0;
				TARGETED_DEVICE_FAMILY = "1,2";
			};
			name = Release;
		};
/* End XCBuildConfiguration section */

/* Begin XCConfigurationList section */
		B18749C3301EDB6C00934957 /* Build configuration list for PBXNativeTarget "iOS_GrandHotelTests" */ = {
			isa = XCConfigurationList;
			buildConfigurations = (
				B18749C4301EDB6C00934957 /* Debug */,
				B18749C5301EDB6C00934957 /* Release */,
			);
			defaultConfigurationIsVisible = 0;
			defaultConfigurationName = Release;
		};
		B18749D2301EDB9D00934957 /* Build configuration list for PBXNativeTarget "iOS_GrandHotelUITests" */ = {
			isa = XCConfigurationList;
			buildConfigurations = (
				B18749D3301EDB9D00934957 /* Debug */,
				B18749D4301EDB9D00934957 /* Release */,
			);
			defaultConfigurationIsVisible = 0;
			defaultConfigurationName = Release;
		};
		B1FDE2CE30079A8200750ACC /* Build configuration list for PBXProject "iOS_GrandHotel" */ = {
			isa = XCConfigurationList;
			buildConfigurations = (
				B1FDE2DC30079A8400750ACC /* Debug */,
				B1FDE2DD30079A8400750ACC /* Release */,
			);
			defaultConfigurationIsVisible = 0;
			defaultConfigurationName = Release;
		};
		B1FDE2DE30079A8400750ACC /* Build configuration list for PBXNativeTarget "iOS_GrandHotel" */ = {
			isa = XCConfigurationList;
			buildConfigurations = (
				B1FDE2DF30079A8400750ACC /* Debug */,
				B1FDE2E030079A8400750ACC /* Release */,
			);
			defaultConfigurationIsVisible = 0;
			defaultConfigurationName = Release;
		};
/* End XCConfigurationList section */

/* Begin XCRemoteSwiftPackageReference section */
		B16AB910300E809D00696576 /* XCRemoteSwiftPackageReference "swift-composable-architecture" */ = {
			isa = XCRemoteSwiftPackageReference;
			repositoryURL = "https://github.com/pointfreeco/swift-composable-architecture";
			requirement = {
				kind = upToNextMajorVersion;
				minimumVersion = 1.26.0;
			};
		};
		B16AB913300E80EA00696576 /* XCRemoteSwiftPackageReference "BMSwiftUI" */ = {
			isa = XCRemoteSwiftPackageReference;
			repositoryURL = "https://github.com/BakrIOS91/BMSwiftUI.git";
			requirement = {
				kind = upToNextMajorVersion;
				minimumVersion = 0.3.5;
			};
		};
		B16AB916300E811700696576 /* XCRemoteSwiftPackageReference "BMSwiftNetworking" */ = {
			isa = XCRemoteSwiftPackageReference;
			repositoryURL = "https://github.com/BakrIOS91/BMSwiftNetworking.git";
			requirement = {
				kind = upToNextMajorVersion;
				minimumVersion = 0.2.4;
			};
		};
		B1874988301E974300934957 /* XCRemoteSwiftPackageReference "firebase-ios-sdk" */ = {
			isa = XCRemoteSwiftPackageReference;
			repositoryURL = "https://github.com/firebase/firebase-ios-sdk";
			requirement = {
				kind = upToNextMajorVersion;
				minimumVersion = 12.17.0;
			};
		};
		B1AD5BFD301D943F005E53D0 /* XCRemoteSwiftPackageReference "alamofire" */ = {
			isa = XCRemoteSwiftPackageReference;
			repositoryURL = "https://github.com/alamofire/alamofire";
			requirement = {
				kind = upToNextMajorVersion;
				minimumVersion = 5.12.0;
			};
		};
/* End XCRemoteSwiftPackageReference section */

/* Begin XCSwiftPackageProductDependency section */
		B16AB911300E809D00696576 /* ComposableArchitecture */ = {
			isa = XCSwiftPackageProductDependency;
			package = B16AB910300E809D00696576 /* XCRemoteSwiftPackageReference "swift-composable-architecture" */;
			productName = ComposableArchitecture;
		};
		B16AB914300E80EA00696576 /* BMSwiftUI */ = {
			isa = XCSwiftPackageProductDependency;
			package = B16AB913300E80EA00696576 /* XCRemoteSwiftPackageReference "BMSwiftUI" */;
			productName = BMSwiftUI;
		};
		B16AB917300E811700696576 /* BMSwiftNetworking */ = {
			isa = XCSwiftPackageProductDependency;
			package = B16AB916300E811700696576 /* XCRemoteSwiftPackageReference "BMSwiftNetworking" */;
			productName = BMSwiftNetworking;
		};
		B1874989301E974300934957 /* FirebaseAI */ = {
			isa = XCSwiftPackageProductDependency;
			package = B1874988301E974300934957 /* XCRemoteSwiftPackageReference "firebase-ios-sdk" */;
			productName = FirebaseAI;
		};
		B187498B301E974300934957 /* FirebaseAILogic */ = {
			isa = XCSwiftPackageProductDependency;
			package = B1874988301E974300934957 /* XCRemoteSwiftPackageReference "firebase-ios-sdk" */;
			productName = FirebaseAILogic;
		};
		B187498D301E974300934957 /* FirebaseAnalytics */ = {
			isa = XCSwiftPackageProductDependency;
			package = B1874988301E974300934957 /* XCRemoteSwiftPackageReference "firebase-ios-sdk" */;
			productName = FirebaseAnalytics;
		};
		B187498F301E974300934957 /* FirebaseAnalyticsCore */ = {
			isa = XCSwiftPackageProductDependency;
			package = B1874988301E974300934957 /* XCRemoteSwiftPackageReference "firebase-ios-sdk" */;
			productName = FirebaseAnalyticsCore;
		};
		B1874991301E974300934957 /* FirebaseAnalyticsIdentitySupport */ = {
			isa = XCSwiftPackageProductDependency;
			package = B1874988301E974300934957 /* XCRemoteSwiftPackageReference "firebase-ios-sdk" */;
			productName = FirebaseAnalyticsIdentitySupport;
		};
		B1874993301E974300934957 /* FirebaseAppCheck */ = {
			isa = XCSwiftPackageProductDependency;
			package = B1874988301E974300934957 /* XCRemoteSwiftPackageReference "firebase-ios-sdk" */;
			productName = FirebaseAppCheck;
		};
		B1874995301E974300934957 /* FirebaseAppDistribution-Beta */ = {
			isa = XCSwiftPackageProductDependency;
			package = B1874988301E974300934957 /* XCRemoteSwiftPackageReference "firebase-ios-sdk" */;
			productName = "FirebaseAppDistribution-Beta";
		};
		B1874997301E974300934957 /* FirebaseAuth */ = {
			isa = XCSwiftPackageProductDependency;
			package = B1874988301E974300934957 /* XCRemoteSwiftPackageReference "firebase-ios-sdk" */;
			productName = FirebaseAuth;
		};
		B1874999301E974300934957 /* FirebaseAuthCombine-Community */ = {
			isa = XCSwiftPackageProductDependency;
			package = B1874988301E974300934957 /* XCRemoteSwiftPackageReference "firebase-ios-sdk" */;
			productName = "FirebaseAuthCombine-Community";
		};
		B187499B301E974300934957 /* FirebaseCore */ = {
			isa = XCSwiftPackageProductDependency;
			package = B1874988301E974300934957 /* XCRemoteSwiftPackageReference "firebase-ios-sdk" */;
			productName = FirebaseCore;
		};
		B187499D301E974300934957 /* FirebaseCrashlytics */ = {
			isa = XCSwiftPackageProductDependency;
			package = B1874988301E974300934957 /* XCRemoteSwiftPackageReference "firebase-ios-sdk" */;
			productName = FirebaseCrashlytics;
		};
		B187499F301E974300934957 /* FirebaseDatabase */ = {
			isa = XCSwiftPackageProductDependency;
			package = B1874988301E974300934957 /* XCRemoteSwiftPackageReference "firebase-ios-sdk" */;
			productName = FirebaseDatabase;
		};
		B18749A1301E974300934957 /* FirebaseFirestore */ = {
			isa = XCSwiftPackageProductDependency;
			package = B1874988301E974300934957 /* XCRemoteSwiftPackageReference "firebase-ios-sdk" */;
			productName = FirebaseFirestore;
		};
		B18749A3301E974300934957 /* FirebaseFirestoreCombine-Community */ = {
			isa = XCSwiftPackageProductDependency;
			package = B1874988301E974300934957 /* XCRemoteSwiftPackageReference "firebase-ios-sdk" */;
			productName = "FirebaseFirestoreCombine-Community";
		};
		B18749A5301E974300934957 /* FirebaseFunctions */ = {
			isa = XCSwiftPackageProductDependency;
			package = B1874988301E974300934957 /* XCRemoteSwiftPackageReference "firebase-ios-sdk" */;
			productName = FirebaseFunctions;
		};
		B18749A7301E974300934957 /* FirebaseFunctionsCombine-Community */ = {
			isa = XCSwiftPackageProductDependency;
			package = B1874988301E974300934957 /* XCRemoteSwiftPackageReference "firebase-ios-sdk" */;
			productName = "FirebaseFunctionsCombine-Community";
		};
		B18749A9301E974300934957 /* FirebaseInAppMessaging-Beta */ = {
			isa = XCSwiftPackageProductDependency;
			package = B1874988301E974300934957 /* XCRemoteSwiftPackageReference "firebase-ios-sdk" */;
			productName = "FirebaseInAppMessaging-Beta";
		};
		B18749AB301E974300934957 /* FirebaseInstallations */ = {
			isa = XCSwiftPackageProductDependency;
			package = B1874988301E974300934957 /* XCRemoteSwiftPackageReference "firebase-ios-sdk" */;
			productName = FirebaseInstallations;
		};
		B18749AD301E974300934957 /* FirebaseMLModelDownloader */ = {
			isa = XCSwiftPackageProductDependency;
			package = B1874988301E974300934957 /* XCRemoteSwiftPackageReference "firebase-ios-sdk" */;
			productName = FirebaseMLModelDownloader;
		};
		B18749AF301E974300934957 /* FirebaseMessaging */ = {
			isa = XCSwiftPackageProductDependency;
			package = B1874988301E974300934957 /* XCRemoteSwiftPackageReference "firebase-ios-sdk" */;
			productName = FirebaseMessaging;
		};
		B18749B1301E974300934957 /* FirebasePerformance */ = {
			isa = XCSwiftPackageProductDependency;
			package = B1874988301E974300934957 /* XCRemoteSwiftPackageReference "firebase-ios-sdk" */;
			productName = FirebasePerformance;
		};
		B18749B3301E974300934957 /* FirebaseRemoteConfig */ = {
			isa = XCSwiftPackageProductDependency;
			package = B1874988301E974300934957 /* XCRemoteSwiftPackageReference "firebase-ios-sdk" */;
			productName = FirebaseRemoteConfig;
		};
		B18749B5301E974300934957 /* FirebaseStorage */ = {
			isa = XCSwiftPackageProductDependency;
			package = B1874988301E974300934957 /* XCRemoteSwiftPackageReference "firebase-ios-sdk" */;
			productName = FirebaseStorage;
		};
		B18749B7301E974300934957 /* FirebaseStorageCombine-Community */ = {
			isa = XCSwiftPackageProductDependency;
			package = B1874988301E974300934957 /* XCRemoteSwiftPackageReference "firebase-ios-sdk" */;
			productName = "FirebaseStorageCombine-Community";
		};
		B1AD5BFE301D943F005E53D0 /* Alamofire */ = {
			isa = XCSwiftPackageProductDependency;
			package = B1AD5BFD301D943F005E53D0 /* XCRemoteSwiftPackageReference "alamofire" */;
			productName = Alamofire;
		};
		B1AD5C00301D943F005E53D0 /* AlamofireDynamic */ = {
			isa = XCSwiftPackageProductDependency;
			package = B1AD5BFD301D943F005E53D0 /* XCRemoteSwiftPackageReference "alamofire" */;
			productName = AlamofireDynamic;
		};
/* End XCSwiftPackageProductDependency section */
	};
	rootObject = B1FDE2CB30079A8200750ACC /* Project object */;
}
